
Microsoft Visual Studio Solution File, Format Version 12.00
Project("{FAE04EC0-301F-11D3-BF4B-00C04F79EFBC}") = "BadSceneMachine", "BadSceneMachine\BadSceneMachine.csproj", "{ED3A0CBD-78AE-44AD-8CC2-6AAEFA2EE31E}"
EndProject
Global
	GlobalSection(SolutionConfigurationPlatforms) = preSolution
		Debug|Any CPU = Debug|Any CPU
		Release|Any CPU = Release|Any CPU
	EndGlobalSection
	GlobalSection(ProjectConfigurationPlatforms) = postSolution
		{ED3A0CBD-78AE-44AD-8CC2-6AAEFA2EE31E}.Debug|Any CPU.ActiveCfg = Debug|Any CPU
		{ED3A0CBD-78AE-44AD-8CC2-6AAEFA2EE31E}.Debug|Any CPU.Build.0 = Debug|Any CPU
		{ED3A0CBD-78AE-44AD-8CC2-6AAEFA2EE31E}.Release|Any CPU.ActiveCfg = Release|Any CPU
		{ED3A0CBD-78AE-44AD-8CC2-6AAEFA2EE31E}.Release|Any CPU.Build.0 = Release|Any CPU
	EndGlobalSection
EndGlobal
